{
  "nodes": {
    "nixCats": {
      "locked": {
        "lastModified": 1750385661,
        "narHash": "sha256-JpIEf5IrOzMTjowkxB6kgh4AK3Dp9i/T9G4w2ZiKMgQ=",
        "owner": "BirdeeHub",
        "repo": "nixCats-nvim",
        "rev": "04379fef2fbd4c9d8f4c9a6203cef135ab0b1acd",
        "type": "github"
      },
      "original": {
        "owner": "BirdeeHub",
        "repo": "nixCats-nvim",
        "type": "github"
      }
    },
    "nixpkgs": {
      "locked": {
        "lastModified": 1751786137,
        "narHash": "sha256-lIlUKVGCGsh0Q2EA7/6xRtKUZjaQ/ur8uUyY+MynHXQ=",
        "owner": "nixos",
        "repo": "nixpkgs",
        "rev": "ceb24d94c6feaa4e8737a8e2bd3cf71c3a7eaaa0",
        "type": "github"
      },
      "original": {
        "owner": "nixos",
        "ref": "nixpkgs-unstable",
        "repo": "nixpkgs",
        "type": "github"
      }
    },
    "root": {
      "inputs": {
        "nixCats": "nixCats",
        "nixpkgs": "nixpkgs"
      }
    }
  },
  "root": "root",
  "version": 7
}
